
Microsoft Visual Studio Solution File, Format Version 12.00
# Visual Studio 15
VisualStudioVersion = 15.0.27703.2042
MinimumVisualStudioVersion = 10.0.40219.1
Project("{9A19103F-16F7-4668-BE54-9A1E7A4F7556}") = "LibraryWebsite", "LibraryWebsite\LibraryWebsite.csproj", "{D78D0940-F680-4698-8D8B-B8B00392ABE9}"
EndProject
Project("{9A19103F-16F7-4668-BE54-9A1E7A4F7556}") = "LibraryWebsiteData", "..\LibraryWebsiteData\LibraryWebsiteData.csproj", "{AA6A182A-FBBB-4C18-8CBD-E1F3BFB4F396}"
EndProject
Global
	GlobalSection(SolutionConfigurationPlatforms) = preSolution
		Debug|Any CPU = Debug|Any CPU
		Release|Any CPU = Release|Any CPU
	EndGlobalSection
	GlobalSection(ProjectConfigurationPlatforms) = postSolution
		{D78D0940-F680-4698-8D8B-B8B00392ABE9}.Debug|Any CPU.ActiveCfg = Debug|Any CPU
		{D78D0940-F680-4698-8D8B-B8B00392ABE9}.Debug|Any CPU.Build.0 = Debug|Any CPU
		{D78D0940-F680-4698-8D8B-B8B00392ABE9}.Release|Any CPU.ActiveCfg = Release|Any CPU
		{D78D0940-F680-4698-8D8B-B8B00392ABE9}.Release|Any CPU.Build.0 = Release|Any CPU
		{AA6A182A-FBBB-4C18-8CBD-E1F3BFB4F396}.Debug|Any CPU.ActiveCfg = Debug|Any CPU
		{AA6A182A-FBBB-4C18-8CBD-E1F3BFB4F396}.Debug|Any CPU.Build.0 = Debug|Any CPU
		{AA6A182A-FBBB-4C18-8CBD-E1F3BFB4F396}.Release|Any CPU.ActiveCfg = Release|Any CPU
		{AA6A182A-FBBB-4C18-8CBD-E1F3BFB4F396}.Release|Any CPU.Build.0 = Release|Any CPU
	EndGlobalSection
	GlobalSection(SolutionProperties) = preSolution
		HideSolutionNode = FALSE
	EndGlobalSection
	GlobalSection(ExtensibilityGlobals) = postSolution
		SolutionGuid = {EC7D4805-4BCE-4972-87D8-4E7F1FB61092}
	EndGlobalSection
EndGlobal
